// !$*UTF8*$!
{
	archiveVersion = 1;
	classes = {
	};
	objectVersion = 50;
	objects = {

/* Begin PBXBuildFile section */
		694E9E192258943D00D004E7 /* AppDelegate.swift in Sources */ = {isa = PBXBuildFile; fileRef = 694E9E182258943D00D004E7 /* AppDelegate.swift */; };
		694E9E1B2258943D00D004E7 /* ViewController.swift in Sources */ = {isa = PBXBuildFile; fileRef = 694E9E1A2258943D00D004E7 /* ViewController.swift */; };
		694E9E1E2258943D00D004E7 /* Main.storyboard in Resources */ = {isa = PBXBuildFile; fileRef = 694E9E1C2258943D00D004E7 /* Main.storyboard */; };
		694E9E202258943F00D004E7 /* Assets.xcassets in Resources */ = {isa = PBXBuildFile; fileRef = 694E9E1F2258943F00D004E7 /* Assets.xcassets */; };
		694E9E232258943F00D004E7 /* LaunchScreen.storyboard in Resources */ = {isa = PBXBuildFile; fileRef = 694E9E212258943F00D004E7 /* LaunchScreen.storyboard */; };
/* End PBXBuildFile section */

/* Begin PBXFileReference section */
		694E9E152258943D00D004E7 /* world_tracking.app */ = {isa = PBXFileReference; explicitFileType = wrapper.application; includeInIndex = 0; path = world_tracking.app; sourceTree = BUILT_PRODUCTS_DIR; };
		694E9E182258943D00D004E7 /* AppDelegate.swift */ = {isa = PBXFileReference; lastKnownFileType = sourcecode.swift; path = AppDelegate.swift; sourceTree = "<group>"; };
		694E9E1A2258943D00D004E7 /* ViewController.swift */ = {isa = PBXFileReference; lastKnownFileType = sourcecode.swift; path = ViewController.swift; sourceTree = "<group>"; };
		694E9E1D2258943D00D004E7 /* Base */ = {isa = PBXFileReference; lastKnownFileType = file.storyboard; name = Base; path = Base.lproj/Main.storyboard; sourceTree = "<group>"; };
		694E9E1F2258943F00D004E7 /* Assets.xcassets */ = {isa = PBXFileReference; lastKnownFileType = folder.assetcatalog; path = Assets.xcassets; sourceTree = "<group>"; };
		694E9E222258943F00D004E7 /* Base */ = {isa = PBXFileReference; lastKnownFileType = file.storyboard; name = Base; path = Base.lproj/LaunchScreen.storyboard; sourceTree = "<group>"; };
		694E9E242258943F00D004E7 /* Info.plist */ = {isa = PBXFileReference; lastKnownFileType = text.plist.xml; path = Info.plist; sourceTree = "<group>"; };
/* End PBXFileReference section */

/* Begin PBXFrameworksBuildPhase section */
		694E9E122258943D00D004E7 /* Frameworks */ = {
			isa = PBXFrameworksBuildPhase;
			buildActionMask = 2147483647;
			files = (
			);
			runOnlyForDeploymentPostprocessing = 0;
		};
/* End PBXFrameworksBuildPhase section */

/* Begin PBXGroup section */
		694E9E0C2258943C00D004E7 = {
			isa = PBXGroup;
			children = (
				694E9E172258943D00D004E7 /* world_tracking */,
				694E9E162258943D00D004E7 /* Products */,
			);
			sourceTree = "<group>";
		};
		694E9E162258943D00D004E7 /* Products */ = {
			isa = PBXGroup;
			children = (
				694E9E152258943D00D004E7 /* world_tracking.app */,
			);
			name = Products;
			sourceTree = "<group>";
		};
		694E9E172258943D00D004E7 /* world_tracking */ = {
			isa = PBXGroup;
			children = (
				694E9E182258943D00D004E7 /* AppDelegate.swift */,
				694E9E1A2258943D00D004E7 /* ViewController.swift */,
				694E9E1C2258943D00D004E7 /* Main.storyboard */,
				694E9E1F2258943F00D004E7 /* Assets.xcassets */,
				694E9E212258943F00D004E7 /* LaunchScreen.storyboard */,
				694E9E242258943F00D004E7 /* Info.plist */,
			);
			path = world_tracking;
			sourceTree = "<group>";
		};
/* End PBXGroup section */

/* Begin PBXNativeTarget section */
		694E9E142258943D00D004E7 /* world_tracking */ = {
			isa = PBXNativeTarget;
			buildConfigurationList = 694E9E272258943F00D004E7 /* Build configuration list for PBXNativeTarget "world_tracking" */;
			buildPhases = (
				694E9E112258943D00D004E7 /* Sources */,
				694E9E122258943D00D004E7 /* Frameworks */,
				694E9E132258943D00D004E7 /* Resources */,
			);
			buildRules = (
			);
			dependencies = (
			);
			name = world_tracking;
			productName = world_tracking;
			productReference = 694E9E152258943D00D004E7 /* world_tracking.app */;
			productType = "com.apple.product-type.application";
		};
/* End PBXNativeTarget section */

/* Begin PBXProject section */
		694E9E0D2258943C00D004E7 /* Project object */ = {
			isa = PBXProject;
			attributes = {
				LastSwiftUpdateCheck = 1020;
				LastUpgradeCheck = 1020;
				ORGANIZATIONNAME = "William Cosby";
				TargetAttributes = {
					694E9E142258943D00D004E7 = {
						CreatedOnToolsVersion = 10.2;
					};
				};
			};
			buildConfigurationList = 694E9E102258943D00D004E7 /* Build configuration list for PBXProject "world_tracking" */;
			compatibilityVersion = "Xcode 9.3";
			developmentRegion = en;
			hasScannedForEncodings = 0;
			knownRegions = (
				en,
				Base,
			);
			mainGroup = 694E9E0C2258943C00D004E7;
			productRefGroup = 694E9E162258943D00D004E7 /* Products */;
			projectDirPath = "";
			projectRoot = "";
			targets = (
				694E9E142258943D00D004E7 /* world_tracking */,
			);
		};
/* End PBXProject section */

/* Begin PBXResourcesBuildPhase section */
		694E9E132258943D00D004E7 /* Resources */ = {
			isa = PBXResourcesBuildPhase;
			buildActionMask = 2147483647;
			files = (
				694E9E232258943F00D004E7 /* LaunchScreen.storyboard in Resources */,
				694E9E202258943F00D004E7 /* Assets.xcassets in Resources */,
				694E9E1E2258943D00D004E7 /* Main.storyboard in Resources */,
			);
			runOnlyForDeploymentPostprocessing = 0;
		};
/* End PBXResourcesBuildPhase section */

/* Begin PBXSourcesBuildPhase section */
		694E9E112258943D00D004E7 /* Sources */ = {
			isa = PBXSourcesBuildPhase;
			buildActionMask = 2147483647;
			files = (
				694E9E1B2258943D00D004E7 /* ViewController.swift in Sources */,
				694E9E192258943D00D004E7 /* AppDelegate.swift in Sources */,
			);
			runOnlyForDeploymentPostprocessing = 0;
		};
/* End PBXSourcesBuildPhase section */

/* Begin PBXVariantGroup section */
		694E9E1C2258943D00D004E7 /* Main.storyboard */ = {
			isa = PBXVariantGroup;
			children = (
				694E9E1D2258943D00D004E7 /* Base */,
			);
			name = Main.storyboard;
			sourceTree = "<group>";
		};
		694E9E212258943F00D004E7 /* LaunchScreen.storyboard */ = {
			isa = PBXVariantGroup;
			children = (
				694E9E222258943F00D004E7 /* Base */,
			);
			name = LaunchScreen.storyboard;
			sourceTree = "<group>";
		};
/* End PBXVariantGroup section */

/* Begin XCBuildConfiguration section */
		694E9E252258943F00D004E7 /* Debug */ = {
			isa = XCBuildConfiguration;
			buildSettings = {
				ALWAYS_SEARCH_USER_PATHS = NO;
				CLANG_ANALYZER_NONNULL = YES;
				CLANG_ANALYZER_NUMBER_OBJECT_CONVERSION = YES_AGGRESSIVE;
				CLANG_CXX_LANGUAGE_STANDARD = "gnu++14";
				CLANG_CXX_LIBRARY = "libc++";
				CLANG_ENABLE_MODULES = YES;
				CLANG_ENABLE_OBJC_ARC = YES;
				CLANG_ENABLE_OBJC_WEAK = YES;
				CLANG_WARN_BLOCK_CAPTURE_AUTORELEASING = YES;
				CLANG_WARN_BOOL_CONVERSION = YES;
				CLANG_WARN_COMMA = YES;
				CLANG_WARN_CONSTANT_CONVERSION = YES;
				CLANG_WARN_DEPRECATED_OBJC_IMPLEMENTATIONS = YES;
				CLANG_WARN_DIRECT_OBJC_ISA_USAGE = YES_ERROR;
				CLANG_WARN_DOCUMENTATION_COMMENTS = YES;
				CLANG_WARN_EMPTY_BODY = YES;
				CLANG_WARN_ENUM_CONVERSION = YES;
				CLANG_WARN_INFINITE_RECURSION = YES;
				CLANG_WARN_INT_CONVERSION = YES;
				CLANG_WARN_NON_LITERAL_NULL_CONVERSION = YES;
				CLANG_WARN_OBJC_IMPLICIT_RETAIN_SELF = YES;
				CLANG_WARN_OBJC_LITERAL_CONVERSION = YES;
				CLANG_WARN_OBJC_ROOT_CLASS = YES_ERROR;
				CLANG_WARN_RANGE_LOOP_ANALYSIS = YES;
				CLANG_WARN_STRICT_PROTOTYPES = YES;
				CLANG_WARN_SUSPICIOUS_MOVE = YES;
				CLANG_WARN_UNGUARDED_AVAILABILITY = YES_AGGRESSIVE;
				CLANG_WARN_UNREACHABLE_CODE = YES;
				CLANG_WARN__DUPLICATE_METHOD_MATCH = YES;
				CODE_SIGN_IDENTITY = "iPhone Developer";
				COPY_PHASE_STRIP = NO;
				DEBUG_INFORMATION_FORMAT = dwarf;
				ENABLE_STRICT_OBJC_MSGSEND = YES;
				ENABLE_TESTABILITY = YES;
				GCC_C_LANGUAGE_STANDARD = gnu11;
				GCC_DYNAMIC_NO_PIC = NO;
				GCC_NO_COMMON_BLOCKS = YES;
				GCC_OPTIMIZATION_LEVEL = 0;
				GCC_PREPROCESSOR_DEFINITIONS = (
					"DEBUG=1",
					"$(inherited)",
				);
				GCC_WARN_64_TO_32_BIT_CONVERSION = YES;
				GCC_WARN_ABOUT_RETURN_TYPE = YES_ERROR;
				GCC_WARN_UNDECLARED_SELECTOR = YES;
				GCC_WARN_UNINITIALIZED_AUTOS = YES_AGGRESSIVE;
				GCC_WARN_UNUSED_FUNCTION = YES;
				GCC_WARN_UNUSED_VARIABLE = YES;
				IPHONEOS_DEPLOYMENT_TARGET = 12.2;
				MTL_ENABLE_DEBUG_INFO = INCLUDE_SOURCE;
				MTL_FAST_MATH = YES;
				ONLY_ACTIVE_ARCH = YES;
				SDKROOT = iphoneos;
				SWIFT_ACTIVE_COMPILATION_CONDITIONS = DEBUG;
				SWIFT_OPTIMIZATION_LEVEL = "-Onone";
			};
			name = Debug;
		};
		694E9E262258943F00D004E7 /* Release */ = {
			isa = XCBuildConfiguration;
			buildSettings = {
				ALWAYS_SEARCH_USER_PATHS = NO;
				CLANG_ANALYZER_NONNULL = YES;
				CLANG_ANALYZER_NUMBER_OBJECT_CONVERSION = YES_AGGRESSIVE;
				CLANG_CXX_LANGUAGE_STANDARD = "gnu++14";
				CLANG_CXX_LIBRARY = "libc++";
				CLANG_ENABLE_MODULES = YES;
				CLANG_ENABLE_OBJC_ARC = YES;
				CLANG_ENABLE_OBJC_WEAK = YES;
				CLANG_WARN_BLOCK_CAPTURE_AUTORELEASING = YES;
				CLANG_WARN_BOOL_CONVERSION = YES;
				CLANG_WARN_COMMA = YES;
				CLANG_WARN_CONSTANT_CONVERSION = YES;
				CLANG_WARN_DEPRECATED_OBJC_IMPLEMENTATIONS = YES;
				CLANG_WARN_DIRECT_OBJC_ISA_USAGE = YES_ERROR;
				CLANG_WARN_DOCUMENTATION_COMMENTS = YES;
				CLANG_WARN_EMPTY_BODY = YES;
				CLANG_WARN_ENUM_CONVERSION = YES;
				CLANG_WARN_INFINITE_RECURSION = YES;
				CLANG_WARN_INT_CONVERSION = YES;
				CLANG_WARN_NON_LITERAL_NULL_CONVERSION = YES;
				CLANG_WARN_OBJC_IMPLICIT_RETAIN_SELF = YES;
				CLANG_WARN_OBJC_LITERAL_CONVERSION = YES;
				CLANG_WARN_OBJC_ROOT_CLASS = YES_ERROR;
				CLANG_WARN_RANGE_LOOP_ANALYSIS = YES;
				CLANG_WARN_STRICT_PROTOTYPES = YES;
				CLANG_WARN_SUSPICIOUS_MOVE = YES;
				CLANG_WARN_UNGUARDED_AVAILABILITY = YES_AGGRESSIVE;
				CLANG_WARN_UNREACHABLE_CODE = YES;
				CLANG_WARN__DUPLICATE_METHOD_MATCH = YES;
				CODE_SIGN_IDENTITY = "iPhone Developer";
				COPY_PHASE_STRIP = NO;
				DEBUG_INFORMATION_FORMAT = "dwarf-with-dsym";
				ENABLE_NS_ASSERTIONS = NO;
				ENABLE_STRICT_OBJC_MSGSEND = YES;
				GCC_C_LANGUAGE_STANDARD = gnu11;
				GCC_NO_COMMON_BLOCKS = YES;
				GCC_WARN_64_TO_32_BIT_CONVERSION = YES;
				GCC_WARN_ABOUT_RETURN_TYPE = YES_ERROR;
				GCC_WARN_UNDECLARED_SELECTOR = YES;
				GCC_WARN_UNINITIALIZED_AUTOS = YES_AGGRESSIVE;
				GCC_WARN_UNUSED_FUNCTION = YES;
				GCC_WARN_UNUSED_VARIABLE = YES;
				IPHONEOS_DEPLOYMENT_TARGET = 12.2;
				MTL_ENABLE_DEBUG_INFO = NO;
				MTL_FAST_MATH = YES;
				SDKROOT = iphoneos;
				SWIFT_COMPILATION_MODE = wholemodule;
				SWIFT_OPTIMIZATION_LEVEL = "-O";
				VALIDATE_PRODUCT = YES;
			};
			name = Release;
		};
		694E9E282258943F00D004E7 /* Debug */ = {
			isa = XCBuildConfiguration;
			buildSettings = {
				ASSETCATALOG_COMPILER_APPICON_NAME = AppIcon;
				CODE_SIGN_STYLE = Automatic;
				DEVELOPMENT_TEAM = 9U3992N3XQ;
				INFOPLIST_FILE = world_tracking/Info.plist;
				LD_RUNPATH_SEARCH_PATHS = (
					"$(inherited)",
					"@executable_path/Frameworks",
				);
				PRODUCT_BUNDLE_IDENTIFIER = "stratus.world-tracking";
				PRODUCT_NAME = "$(TARGET_NAME)";
				SWIFT_VERSION = 5.0;
				TARGETED_DEVICE_FAMILY = "1,2";
			};
			name = Debug;
		};
		694E9E292258943F00D004E7 /* Release */ = {
			isa = XCBuildConfiguration;
			buildSettings = {
				ASSETCATALOG_COMPILER_APPICON_NAME = AppIcon;
				CODE_SIGN_STYLE = Automatic;
				DEVELOPMENT_TEAM = 9U3992N3XQ;
				INFOPLIST_FILE = world_tracking/Info.plist;
				LD_RUNPATH_SEARCH_PATHS = (
					"$(inherited)",
					"@executable_path/Frameworks",
				);
				PRODUCT_BUNDLE_IDENTIFIER = "stratus.world-tracking";
				PRODUCT_NAME = "$(TARGET_NAME)";
				SWIFT_VERSION = 5.0;
				TARGETED_DEVICE_FAMILY = "1,2";
			};
			name = Release;
		};
/* End XCBuildConfiguration section */

/* Begin XCConfigurationList section */
		694E9E102258943D00D004E7 /* Build configuration list for PBXProject "world_tracking" */ = {
			isa = XCConfigurationList;
			buildConfigurations = (
				694E9E252258943F00D004E7 /* Debug */,
				694E9E262258943F00D004E7 /* Release */,
			);
			defaultConfigurationIsVisible = 0;
			defaultConfigurationName = Release;
		};
		694E9E272258943F00D004E7 /* Build configuration list for PBXNativeTarget "world_tracking" */ = {
			isa = XCConfigurationList;
			buildConfigurations = (
				694E9E282258943F00D004E7 /* Debug */,
				694E9E292258943F00D004E7 /* Release */,
			);
			defaultConfigurationIsVisible = 0;
			defaultConfigurationName = Release;
		};
/* End XCConfigurationList section */
	};
	rootObject = 694E9E0D2258943C00D004E7 /* Project object */;
}
