// !$*UTF8*$!
{
	archiveVersion = 1;
	classes = {
	};
	objectVersion = 50;
	objects = {

/* Begin PBXBuildFile section */
		6965D9392259E9C700B986DA /* AppDelegate.swift in Sources */ = {isa = PBXBuildFile; fileRef = 6965D9382259E9C700B986DA /* AppDelegate.swift */; };
		6965D93B2259E9C700B986DA /* ViewController.swift in Sources */ = {isa = PBXBuildFile; fileRef = 6965D93A2259E9C700B986DA /* ViewController.swift */; };
		6965D93E2259E9C700B986DA /* Main.storyboard in Resources */ = {isa = PBXBuildFile; fileRef = 6965D93C2259E9C700B986DA /* Main.storyboard */; };
		6965D9402259E9C800B986DA /* Assets.xcassets in Resources */ = {isa = PBXBuildFile; fileRef = 6965D93F2259E9C800B986DA /* Assets.xcassets */; };
		6965D9432259E9C800B986DA /* LaunchScreen.storyboard in Resources */ = {isa = PBXBuildFile; fileRef = 6965D9412259E9C800B986DA /* LaunchScreen.storyboard */; };
		6965D94B2259EB6600B986DA /* MapViewController.swift in Sources */ = {isa = PBXBuildFile; fileRef = 6965D94A2259EB6600B986DA /* MapViewController.swift */; };
		6965D94D2259EB7800B986DA /* CameraViewController.swift in Sources */ = {isa = PBXBuildFile; fileRef = 6965D94C2259EB7800B986DA /* CameraViewController.swift */; };
		6965D94F2259F55A00B986DA /* FloatingPoint+Extension.swift in Sources */ = {isa = PBXBuildFile; fileRef = 6965D94E2259F55A00B986DA /* FloatingPoint+Extension.swift */; };
		6965D9512259F59D00B986DA /* String+Extension.swift in Sources */ = {isa = PBXBuildFile; fileRef = 6965D9502259F59D00B986DA /* String+Extension.swift */; };
		6965D9532259F5F900B986DA /* art.scnassets in Resources */ = {isa = PBXBuildFile; fileRef = 6965D9522259F5F900B986DA /* art.scnassets */; };
		6965D9552259F7AE00B986DA /* Promotion.swift in Sources */ = {isa = PBXBuildFile; fileRef = 6965D9542259F7AE00B986DA /* Promotion.swift */; };
		6965D957225A0CE000B986DA /* MapAnnotation.swift in Sources */ = {isa = PBXBuildFile; fileRef = 6965D956225A0CE000B986DA /* MapAnnotation.swift */; };
		6972055322A66DCB0068E89F /* LocaleCameraViewController.swift in Sources */ = {isa = PBXBuildFile; fileRef = 6972055222A66DCB0068E89F /* LocaleCameraViewController.swift */; };
/* End PBXBuildFile section */

/* Begin PBXFileReference section */
		6965D9352259E9C700B986DA /* Stratus_proto.app */ = {isa = PBXFileReference; explicitFileType = wrapper.application; includeInIndex = 0; path = Stratus_proto.app; sourceTree = BUILT_PRODUCTS_DIR; };
		6965D9382259E9C700B986DA /* AppDelegate.swift */ = {isa = PBXFileReference; lastKnownFileType = sourcecode.swift; path = AppDelegate.swift; sourceTree = "<group>"; };
		6965D93A2259E9C700B986DA /* ViewController.swift */ = {isa = PBXFileReference; lastKnownFileType = sourcecode.swift; path = ViewController.swift; sourceTree = "<group>"; };
		6965D93D2259E9C700B986DA /* Base */ = {isa = PBXFileReference; lastKnownFileType = file.storyboard; name = Base; path = Base.lproj/Main.storyboard; sourceTree = "<group>"; };
		6965D93F2259E9C800B986DA /* Assets.xcassets */ = {isa = PBXFileReference; lastKnownFileType = folder.assetcatalog; path = Assets.xcassets; sourceTree = "<group>"; };
		6965D9422259E9C800B986DA /* Base */ = {isa = PBXFileReference; lastKnownFileType = file.storyboard; name = Base; path = Base.lproj/LaunchScreen.storyboard; sourceTree = "<group>"; };
		6965D9442259E9C800B986DA /* Info.plist */ = {isa = PBXFileReference; lastKnownFileType = text.plist.xml; path = Info.plist; sourceTree = "<group>"; };
		6965D94A2259EB6600B986DA /* MapViewController.swift */ = {isa = PBXFileReference; lastKnownFileType = sourcecode.swift; path = MapViewController.swift; sourceTree = "<group>"; };
		6965D94C2259EB7800B986DA /* CameraViewController.swift */ = {isa = PBXFileReference; lastKnownFileType = sourcecode.swift; path = CameraViewController.swift; sourceTree = "<group>"; };
		6965D94E2259F55A00B986DA /* FloatingPoint+Extension.swift */ = {isa = PBXFileReference; lastKnownFileType = sourcecode.swift; path = "FloatingPoint+Extension.swift"; sourceTree = "<group>"; };
		6965D9502259F59D00B986DA /* String+Extension.swift */ = {isa = PBXFileReference; lastKnownFileType = sourcecode.swift; path = "String+Extension.swift"; sourceTree = "<group>"; };
		6965D9522259F5F900B986DA /* art.scnassets */ = {isa = PBXFileReference; lastKnownFileType = wrapper.scnassets; path = art.scnassets; sourceTree = "<group>"; };
		6965D9542259F7AE00B986DA /* Promotion.swift */ = {isa = PBXFileReference; lastKnownFileType = sourcecode.swift; path = Promotion.swift; sourceTree = "<group>"; };
		6965D956225A0CE000B986DA /* MapAnnotation.swift */ = {isa = PBXFileReference; lastKnownFileType = sourcecode.swift; path = MapAnnotation.swift; sourceTree = "<group>"; };
		6972055222A66DCB0068E89F /* LocaleCameraViewController.swift */ = {isa = PBXFileReference; lastKnownFileType = sourcecode.swift; path = LocaleCameraViewController.swift; sourceTree = "<group>"; };
/* End PBXFileReference section */

/* Begin PBXFrameworksBuildPhase section */
		6965D9322259E9C700B986DA /* Frameworks */ = {
			isa = PBXFrameworksBuildPhase;
			buildActionMask = 2147483647;
			files = (
			);
			runOnlyForDeploymentPostprocessing = 0;
		};
/* End PBXFrameworksBuildPhase section */

/* Begin PBXGroup section */
		6965D92C2259E9C700B986DA = {
			isa = PBXGroup;
			children = (
				6965D9372259E9C700B986DA /* Stratus_proto */,
				6965D9362259E9C700B986DA /* Products */,
			);
			sourceTree = "<group>";
		};
		6965D9362259E9C700B986DA /* Products */ = {
			isa = PBXGroup;
			children = (
				6965D9352259E9C700B986DA /* Stratus_proto.app */,
			);
			name = Products;
			sourceTree = "<group>";
		};
		6965D9372259E9C700B986DA /* Stratus_proto */ = {
			isa = PBXGroup;
			children = (
				6965D9382259E9C700B986DA /* AppDelegate.swift */,
				6965D93A2259E9C700B986DA /* ViewController.swift */,
				6965D93C2259E9C700B986DA /* Main.storyboard */,
				6965D93F2259E9C800B986DA /* Assets.xcassets */,
				6965D9412259E9C800B986DA /* LaunchScreen.storyboard */,
				6965D9442259E9C800B986DA /* Info.plist */,
				6965D94A2259EB6600B986DA /* MapViewController.swift */,
				6965D94C2259EB7800B986DA /* CameraViewController.swift */,
				6965D956225A0CE000B986DA /* MapAnnotation.swift */,
				6965D94E2259F55A00B986DA /* FloatingPoint+Extension.swift */,
				6965D9502259F59D00B986DA /* String+Extension.swift */,
				6965D9522259F5F900B986DA /* art.scnassets */,
				6965D9542259F7AE00B986DA /* Promotion.swift */,
				6972055222A66DCB0068E89F /* LocaleCameraViewController.swift */,
			);
			path = Stratus_proto;
			sourceTree = "<group>";
		};
/* End PBXGroup section */

/* Begin PBXNativeTarget section */
		6965D9342259E9C700B986DA /* Stratus_proto */ = {
			isa = PBXNativeTarget;
			buildConfigurationList = 6965D9472259E9C800B986DA /* Build configuration list for PBXNativeTarget "Stratus_proto" */;
			buildPhases = (
				6965D9312259E9C700B986DA /* Sources */,
				6965D9322259E9C700B986DA /* Frameworks */,
				6965D9332259E9C700B986DA /* Resources */,
			);
			buildRules = (
			);
			dependencies = (
			);
			name = Stratus_proto;
			productName = Stratus_proto;
			productReference = 6965D9352259E9C700B986DA /* Stratus_proto.app */;
			productType = "com.apple.product-type.application";
		};
/* End PBXNativeTarget section */

/* Begin PBXProject section */
		6965D92D2259E9C700B986DA /* Project object */ = {
			isa = PBXProject;
			attributes = {
				LastSwiftUpdateCheck = 1020;
				LastUpgradeCheck = 1020;
				ORGANIZATIONNAME = "William Cosby";
				TargetAttributes = {
					6965D9342259E9C700B986DA = {
						CreatedOnToolsVersion = 10.2;
					};
				};
			};
			buildConfigurationList = 6965D9302259E9C700B986DA /* Build configuration list for PBXProject "Stratus_proto" */;
			compatibilityVersion = "Xcode 9.3";
			developmentRegion = en;
			hasScannedForEncodings = 0;
			knownRegions = (
				en,
				Base,
			);
			mainGroup = 6965D92C2259E9C700B986DA;
			productRefGroup = 6965D9362259E9C700B986DA /* Products */;
			projectDirPath = "";
			projectRoot = "";
			targets = (
				6965D9342259E9C700B986DA /* Stratus_proto */,
			);
		};
/* End PBXProject section */

/* Begin PBXResourcesBuildPhase section */
		6965D9332259E9C700B986DA /* Resources */ = {
			isa = PBXResourcesBuildPhase;
			buildActionMask = 2147483647;
			files = (
				6965D9432259E9C800B986DA /* LaunchScreen.storyboard in Resources */,
				6965D9532259F5F900B986DA /* art.scnassets in Resources */,
				6965D9402259E9C800B986DA /* Assets.xcassets in Resources */,
				6965D93E2259E9C700B986DA /* Main.storyboard in Resources */,
			);
			runOnlyForDeploymentPostprocessing = 0;
		};
/* End PBXResourcesBuildPhase section */

/* Begin PBXSourcesBuildPhase section */
		6965D9312259E9C700B986DA /* Sources */ = {
			isa = PBXSourcesBuildPhase;
			buildActionMask = 2147483647;
			files = (
				6965D93B2259E9C700B986DA /* ViewController.swift in Sources */,
				6965D9552259F7AE00B986DA /* Promotion.swift in Sources */,
				6965D94D2259EB7800B986DA /* CameraViewController.swift in Sources */,
				6965D94B2259EB6600B986DA /* MapViewController.swift in Sources */,
				6972055322A66DCB0068E89F /* LocaleCameraViewController.swift in Sources */,
				6965D94F2259F55A00B986DA /* FloatingPoint+Extension.swift in Sources */,
				6965D9512259F59D00B986DA /* String+Extension.swift in Sources */,
				6965D9392259E9C700B986DA /* AppDelegate.swift in Sources */,
				6965D957225A0CE000B986DA /* MapAnnotation.swift in Sources */,
			);
			runOnlyForDeploymentPostprocessing = 0;
		};
/* End PBXSourcesBuildPhase section */

/* Begin PBXVariantGroup section */
		6965D93C2259E9C700B986DA /* Main.storyboard */ = {
			isa = PBXVariantGroup;
			children = (
				6965D93D2259E9C700B986DA /* Base */,
			);
			name = Main.storyboard;
			sourceTree = "<group>";
		};
		6965D9412259E9C800B986DA /* LaunchScreen.storyboard */ = {
			isa = PBXVariantGroup;
			children = (
				6965D9422259E9C800B986DA /* Base */,
			);
			name = LaunchScreen.storyboard;
			sourceTree = "<group>";
		};
/* End PBXVariantGroup section */

/* Begin XCBuildConfiguration section */
		6965D9452259E9C800B986DA /* Debug */ = {
			isa = XCBuildConfiguration;
			buildSettings = {
				ALWAYS_SEARCH_USER_PATHS = NO;
				CLANG_ANALYZER_NONNULL = YES;
				CLANG_ANALYZER_NUMBER_OBJECT_CONVERSION = YES_AGGRESSIVE;
				CLANG_CXX_LANGUAGE_STANDARD = "gnu++14";
				CLANG_CXX_LIBRARY = "libc++";
				CLANG_ENABLE_MODULES = YES;
				CLANG_ENABLE_OBJC_ARC = YES;
				CLANG_ENABLE_OBJC_WEAK = YES;
				CLANG_WARN_BLOCK_CAPTURE_AUTORELEASING = YES;
				CLANG_WARN_BOOL_CONVERSION = YES;
				CLANG_WARN_COMMA = YES;
				CLANG_WARN_CONSTANT_CONVERSION = YES;
				CLANG_WARN_DEPRECATED_OBJC_IMPLEMENTATIONS = YES;
				CLANG_WARN_DIRECT_OBJC_ISA_USAGE = YES_ERROR;
				CLANG_WARN_DOCUMENTATION_COMMENTS = YES;
				CLANG_WARN_EMPTY_BODY = YES;
				CLANG_WARN_ENUM_CONVERSION = YES;
				CLANG_WARN_INFINITE_RECURSION = YES;
				CLANG_WARN_INT_CONVERSION = YES;
				CLANG_WARN_NON_LITERAL_NULL_CONVERSION = YES;
				CLANG_WARN_OBJC_IMPLICIT_RETAIN_SELF = YES;
				CLANG_WARN_OBJC_LITERAL_CONVERSION = YES;
				CLANG_WARN_OBJC_ROOT_CLASS = YES_ERROR;
				CLANG_WARN_RANGE_LOOP_ANALYSIS = YES;
				CLANG_WARN_STRICT_PROTOTYPES = YES;
				CLANG_WARN_SUSPICIOUS_MOVE = YES;
				CLANG_WARN_UNGUARDED_AVAILABILITY = YES_AGGRESSIVE;
				CLANG_WARN_UNREACHABLE_CODE = YES;
				CLANG_WARN__DUPLICATE_METHOD_MATCH = YES;
				CODE_SIGN_IDENTITY = "iPhone Developer";
				COPY_PHASE_STRIP = NO;
				DEBUG_INFORMATION_FORMAT = dwarf;
				ENABLE_STRICT_OBJC_MSGSEND = YES;
				ENABLE_TESTABILITY = YES;
				GCC_C_LANGUAGE_STANDARD = gnu11;
				GCC_DYNAMIC_NO_PIC = NO;
				GCC_NO_COMMON_BLOCKS = YES;
				GCC_OPTIMIZATION_LEVEL = 0;
				GCC_PREPROCESSOR_DEFINITIONS = (
					"DEBUG=1",
					"$(inherited)",
				);
				GCC_WARN_64_TO_32_BIT_CONVERSION = YES;
				GCC_WARN_ABOUT_RETURN_TYPE = YES_ERROR;
				GCC_WARN_UNDECLARED_SELECTOR = YES;
				GCC_WARN_UNINITIALIZED_AUTOS = YES_AGGRESSIVE;
				GCC_WARN_UNUSED_FUNCTION = YES;
				GCC_WARN_UNUSED_VARIABLE = YES;
				IPHONEOS_DEPLOYMENT_TARGET = 12.2;
				MTL_ENABLE_DEBUG_INFO = INCLUDE_SOURCE;
				MTL_FAST_MATH = YES;
				ONLY_ACTIVE_ARCH = YES;
				SDKROOT = iphoneos;
				SWIFT_ACTIVE_COMPILATION_CONDITIONS = DEBUG;
				SWIFT_OPTIMIZATION_LEVEL = "-Onone";
			};
			name = Debug;
		};
		6965D9462259E9C800B986DA /* Release */ = {
			isa = XCBuildConfiguration;
			buildSettings = {
				ALWAYS_SEARCH_USER_PATHS = NO;
				CLANG_ANALYZER_NONNULL = YES;
				CLANG_ANALYZER_NUMBER_OBJECT_CONVERSION = YES_AGGRESSIVE;
				CLANG_CXX_LANGUAGE_STANDARD = "gnu++14";
				CLANG_CXX_LIBRARY = "libc++";
				CLANG_ENABLE_MODULES = YES;
				CLANG_ENABLE_OBJC_ARC = YES;
				CLANG_ENABLE_OBJC_WEAK = YES;
				CLANG_WARN_BLOCK_CAPTURE_AUTORELEASING = YES;
				CLANG_WARN_BOOL_CONVERSION = YES;
				CLANG_WARN_COMMA = YES;
				CLANG_WARN_CONSTANT_CONVERSION = YES;
				CLANG_WARN_DEPRECATED_OBJC_IMPLEMENTATIONS = YES;
				CLANG_WARN_DIRECT_OBJC_ISA_USAGE = YES_ERROR;
				CLANG_WARN_DOCUMENTATION_COMMENTS = YES;
				CLANG_WARN_EMPTY_BODY = YES;
				CLANG_WARN_ENUM_CONVERSION = YES;
				CLANG_WARN_INFINITE_RECURSION = YES;
				CLANG_WARN_INT_CONVERSION = YES;
				CLANG_WARN_NON_LITERAL_NULL_CONVERSION = YES;
				CLANG_WARN_OBJC_IMPLICIT_RETAIN_SELF = YES;
				CLANG_WARN_OBJC_LITERAL_CONVERSION = YES;
				CLANG_WARN_OBJC_ROOT_CLASS = YES_ERROR;
				CLANG_WARN_RANGE_LOOP_ANALYSIS = YES;
				CLANG_WARN_STRICT_PROTOTYPES = YES;
				CLANG_WARN_SUSPICIOUS_MOVE = YES;
				CLANG_WARN_UNGUARDED_AVAILABILITY = YES_AGGRESSIVE;
				CLANG_WARN_UNREACHABLE_CODE = YES;
				CLANG_WARN__DUPLICATE_METHOD_MATCH = YES;
				CODE_SIGN_IDENTITY = "iPhone Developer";
				COPY_PHASE_STRIP = NO;
				DEBUG_INFORMATION_FORMAT = "dwarf-with-dsym";
				ENABLE_NS_ASSERTIONS = NO;
				ENABLE_STRICT_OBJC_MSGSEND = YES;
				GCC_C_LANGUAGE_STANDARD = gnu11;
				GCC_NO_COMMON_BLOCKS = YES;
				GCC_WARN_64_TO_32_BIT_CONVERSION = YES;
				GCC_WARN_ABOUT_RETURN_TYPE = YES_ERROR;
				GCC_WARN_UNDECLARED_SELECTOR = YES;
				GCC_WARN_UNINITIALIZED_AUTOS = YES_AGGRESSIVE;
				GCC_WARN_UNUSED_FUNCTION = YES;
				GCC_WARN_UNUSED_VARIABLE = YES;
				IPHONEOS_DEPLOYMENT_TARGET = 12.2;
				MTL_ENABLE_DEBUG_INFO = NO;
				MTL_FAST_MATH = YES;
				SDKROOT = iphoneos;
				SWIFT_COMPILATION_MODE = wholemodule;
				SWIFT_OPTIMIZATION_LEVEL = "-O";
				VALIDATE_PRODUCT = YES;
			};
			name = Release;
		};
		6965D9482259E9C800B986DA /* Debug */ = {
			isa = XCBuildConfiguration;
			buildSettings = {
				ASSETCATALOG_COMPILER_APPICON_NAME = AppIcon;
				CODE_SIGN_STYLE = Automatic;
				DEVELOPMENT_TEAM = 9U3992N3XQ;
				INFOPLIST_FILE = Stratus_proto/Info.plist;
				IPHONEOS_DEPLOYMENT_TARGET = 11.0;
				LD_RUNPATH_SEARCH_PATHS = (
					"$(inherited)",
					"@executable_path/Frameworks",
				);
				PRODUCT_BUNDLE_IDENTIFIER = "stratus.Stratus-proto";
				PRODUCT_NAME = "$(TARGET_NAME)";
				SWIFT_VERSION = 5.0;
				TARGETED_DEVICE_FAMILY = "1,2";
			};
			name = Debug;
		};
		6965D9492259E9C800B986DA /* Release */ = {
			isa = XCBuildConfiguration;
			buildSettings = {
				ASSETCATALOG_COMPILER_APPICON_NAME = AppIcon;
				CODE_SIGN_STYLE = Automatic;
				DEVELOPMENT_TEAM = 9U3992N3XQ;
				INFOPLIST_FILE = Stratus_proto/Info.plist;
				IPHONEOS_DEPLOYMENT_TARGET = 11.0;
				LD_RUNPATH_SEARCH_PATHS = (
					"$(inherited)",
					"@executable_path/Frameworks",
				);
				PRODUCT_BUNDLE_IDENTIFIER = "stratus.Stratus-proto";
				PRODUCT_NAME = "$(TARGET_NAME)";
				SWIFT_VERSION = 5.0;
				TARGETED_DEVICE_FAMILY = "1,2";
			};
			name = Release;
		};
/* End XCBuildConfiguration section */

/* Begin XCConfigurationList section */
		6965D9302259E9C700B986DA /* Build configuration list for PBXProject "Stratus_proto" */ = {
			isa = XCConfigurationList;
			buildConfigurations = (
				6965D9452259E9C800B986DA /* Debug */,
				6965D9462259E9C800B986DA /* Release */,
			);
			defaultConfigurationIsVisible = 0;
			defaultConfigurationName = Release;
		};
		6965D9472259E9C800B986DA /* Build configuration list for PBXNativeTarget "Stratus_proto" */ = {
			isa = XCConfigurationList;
			buildConfigurations = (
				6965D9482259E9C800B986DA /* Debug */,
				6965D9492259E9C800B986DA /* Release */,
			);
			defaultConfigurationIsVisible = 0;
			defaultConfigurationName = Release;
		};
/* End XCConfigurationList section */
	};
	rootObject = 6965D92D2259E9C700B986DA /* Project object */;
}
