// !$*UTF8*$!
{
	archiveVersion = 1;
	classes = {
	};
	objectVersion = 50;
	objects = {

/* Begin PBXBuildFile section */
		6965D9272259E00F00B986DA /* ProfileViewController.swift in Sources */ = {isa = PBXBuildFile; fileRef = 6965D9262259E00F00B986DA /* ProfileViewController.swift */; };
		6965D9292259E0C500B986DA /* MainTabBarController.swift in Sources */ = {isa = PBXBuildFile; fileRef = 6965D9282259E0C500B986DA /* MainTabBarController.swift */; };
		6965D92B2259E0DE00B986DA /* ProfileNavigationController.swift in Sources */ = {isa = PBXBuildFile; fileRef = 6965D92A2259E0DE00B986DA /* ProfileNavigationController.swift */; };
		699C2A822259C6B20088B5F1 /* AppDelegate.swift in Sources */ = {isa = PBXBuildFile; fileRef = 699C2A812259C6B20088B5F1 /* AppDelegate.swift */; };
		699C2A842259C6B20088B5F1 /* ViewController.swift in Sources */ = {isa = PBXBuildFile; fileRef = 699C2A832259C6B20088B5F1 /* ViewController.swift */; };
		699C2A872259C6B20088B5F1 /* Main.storyboard in Resources */ = {isa = PBXBuildFile; fileRef = 699C2A852259C6B20088B5F1 /* Main.storyboard */; };
		699C2A892259C6B30088B5F1 /* Assets.xcassets in Resources */ = {isa = PBXBuildFile; fileRef = 699C2A882259C6B30088B5F1 /* Assets.xcassets */; };
		699C2A8C2259C6B30088B5F1 /* LaunchScreen.storyboard in Resources */ = {isa = PBXBuildFile; fileRef = 699C2A8A2259C6B30088B5F1 /* LaunchScreen.storyboard */; };
/* End PBXBuildFile section */

/* Begin PBXFileReference section */
		6965D9262259E00F00B986DA /* ProfileViewController.swift */ = {isa = PBXFileReference; lastKnownFileType = sourcecode.swift; path = ProfileViewController.swift; sourceTree = "<group>"; };
		6965D9282259E0C500B986DA /* MainTabBarController.swift */ = {isa = PBXFileReference; lastKnownFileType = sourcecode.swift; path = MainTabBarController.swift; sourceTree = "<group>"; };
		6965D92A2259E0DE00B986DA /* ProfileNavigationController.swift */ = {isa = PBXFileReference; lastKnownFileType = sourcecode.swift; path = ProfileNavigationController.swift; sourceTree = "<group>"; };
		699C2A7E2259C6B20088B5F1 /* Stratusv2.app */ = {isa = PBXFileReference; explicitFileType = wrapper.application; includeInIndex = 0; path = Stratusv2.app; sourceTree = BUILT_PRODUCTS_DIR; };
		699C2A812259C6B20088B5F1 /* AppDelegate.swift */ = {isa = PBXFileReference; lastKnownFileType = sourcecode.swift; path = AppDelegate.swift; sourceTree = "<group>"; };
		699C2A832259C6B20088B5F1 /* ViewController.swift */ = {isa = PBXFileReference; lastKnownFileType = sourcecode.swift; path = ViewController.swift; sourceTree = "<group>"; };
		699C2A862259C6B20088B5F1 /* Base */ = {isa = PBXFileReference; lastKnownFileType = file.storyboard; name = Base; path = Base.lproj/Main.storyboard; sourceTree = "<group>"; };
		699C2A882259C6B30088B5F1 /* Assets.xcassets */ = {isa = PBXFileReference; lastKnownFileType = folder.assetcatalog; path = Assets.xcassets; sourceTree = "<group>"; };
		699C2A8B2259C6B30088B5F1 /* Base */ = {isa = PBXFileReference; lastKnownFileType = file.storyboard; name = Base; path = Base.lproj/LaunchScreen.storyboard; sourceTree = "<group>"; };
		699C2A8D2259C6B30088B5F1 /* Info.plist */ = {isa = PBXFileReference; lastKnownFileType = text.plist.xml; path = Info.plist; sourceTree = "<group>"; };
/* End PBXFileReference section */

/* Begin PBXFrameworksBuildPhase section */
		699C2A7B2259C6B20088B5F1 /* Frameworks */ = {
			isa = PBXFrameworksBuildPhase;
			buildActionMask = 2147483647;
			files = (
			);
			runOnlyForDeploymentPostprocessing = 0;
		};
/* End PBXFrameworksBuildPhase section */

/* Begin PBXGroup section */
		699C2A752259C6B20088B5F1 = {
			isa = PBXGroup;
			children = (
				699C2A802259C6B20088B5F1 /* Stratusv2 */,
				699C2A7F2259C6B20088B5F1 /* Products */,
			);
			sourceTree = "<group>";
		};
		699C2A7F2259C6B20088B5F1 /* Products */ = {
			isa = PBXGroup;
			children = (
				699C2A7E2259C6B20088B5F1 /* Stratusv2.app */,
			);
			name = Products;
			sourceTree = "<group>";
		};
		699C2A802259C6B20088B5F1 /* Stratusv2 */ = {
			isa = PBXGroup;
			children = (
				699C2A812259C6B20088B5F1 /* AppDelegate.swift */,
				699C2A832259C6B20088B5F1 /* ViewController.swift */,
				699C2A852259C6B20088B5F1 /* Main.storyboard */,
				699C2A882259C6B30088B5F1 /* Assets.xcassets */,
				699C2A8A2259C6B30088B5F1 /* LaunchScreen.storyboard */,
				699C2A8D2259C6B30088B5F1 /* Info.plist */,
				6965D9262259E00F00B986DA /* ProfileViewController.swift */,
				6965D9282259E0C500B986DA /* MainTabBarController.swift */,
				6965D92A2259E0DE00B986DA /* ProfileNavigationController.swift */,
			);
			path = Stratusv2;
			sourceTree = "<group>";
		};
/* End PBXGroup section */

/* Begin PBXNativeTarget section */
		699C2A7D2259C6B20088B5F1 /* Stratusv2 */ = {
			isa = PBXNativeTarget;
			buildConfigurationList = 699C2A902259C6B30088B5F1 /* Build configuration list for PBXNativeTarget "Stratusv2" */;
			buildPhases = (
				699C2A7A2259C6B20088B5F1 /* Sources */,
				699C2A7B2259C6B20088B5F1 /* Frameworks */,
				699C2A7C2259C6B20088B5F1 /* Resources */,
			);
			buildRules = (
			);
			dependencies = (
			);
			name = Stratusv2;
			productName = Stratusv2;
			productReference = 699C2A7E2259C6B20088B5F1 /* Stratusv2.app */;
			productType = "com.apple.product-type.application";
		};
/* End PBXNativeTarget section */

/* Begin PBXProject section */
		699C2A762259C6B20088B5F1 /* Project object */ = {
			isa = PBXProject;
			attributes = {
				LastSwiftUpdateCheck = 1020;
				LastUpgradeCheck = 1020;
				ORGANIZATIONNAME = "William Cosby";
				TargetAttributes = {
					699C2A7D2259C6B20088B5F1 = {
						CreatedOnToolsVersion = 10.2;
					};
				};
			};
			buildConfigurationList = 699C2A792259C6B20088B5F1 /* Build configuration list for PBXProject "Stratusv2" */;
			compatibilityVersion = "Xcode 9.3";
			developmentRegion = en;
			hasScannedForEncodings = 0;
			knownRegions = (
				en,
				Base,
			);
			mainGroup = 699C2A752259C6B20088B5F1;
			productRefGroup = 699C2A7F2259C6B20088B5F1 /* Products */;
			projectDirPath = "";
			projectRoot = "";
			targets = (
				699C2A7D2259C6B20088B5F1 /* Stratusv2 */,
			);
		};
/* End PBXProject section */

/* Begin PBXResourcesBuildPhase section */
		699C2A7C2259C6B20088B5F1 /* Resources */ = {
			isa = PBXResourcesBuildPhase;
			buildActionMask = 2147483647;
			files = (
				699C2A8C2259C6B30088B5F1 /* LaunchScreen.storyboard in Resources */,
				699C2A892259C6B30088B5F1 /* Assets.xcassets in Resources */,
				699C2A872259C6B20088B5F1 /* Main.storyboard in Resources */,
			);
			runOnlyForDeploymentPostprocessing = 0;
		};
/* End PBXResourcesBuildPhase section */

/* Begin PBXSourcesBuildPhase section */
		699C2A7A2259C6B20088B5F1 /* Sources */ = {
			isa = PBXSourcesBuildPhase;
			buildActionMask = 2147483647;
			files = (
				6965D9272259E00F00B986DA /* ProfileViewController.swift in Sources */,
				699C2A842259C6B20088B5F1 /* ViewController.swift in Sources */,
				6965D9292259E0C500B986DA /* MainTabBarController.swift in Sources */,
				699C2A822259C6B20088B5F1 /* AppDelegate.swift in Sources */,
				6965D92B2259E0DE00B986DA /* ProfileNavigationController.swift in Sources */,
			);
			runOnlyForDeploymentPostprocessing = 0;
		};
/* End PBXSourcesBuildPhase section */

/* Begin PBXVariantGroup section */
		699C2A852259C6B20088B5F1 /* Main.storyboard */ = {
			isa = PBXVariantGroup;
			children = (
				699C2A862259C6B20088B5F1 /* Base */,
			);
			name = Main.storyboard;
			sourceTree = "<group>";
		};
		699C2A8A2259C6B30088B5F1 /* LaunchScreen.storyboard */ = {
			isa = PBXVariantGroup;
			children = (
				699C2A8B2259C6B30088B5F1 /* Base */,
			);
			name = LaunchScreen.storyboard;
			sourceTree = "<group>";
		};
/* End PBXVariantGroup section */

/* Begin XCBuildConfiguration section */
		699C2A8E2259C6B30088B5F1 /* Debug */ = {
			isa = XCBuildConfiguration;
			buildSettings = {
				ALWAYS_SEARCH_USER_PATHS = NO;
				CLANG_ANALYZER_NONNULL = YES;
				CLANG_ANALYZER_NUMBER_OBJECT_CONVERSION = YES_AGGRESSIVE;
				CLANG_CXX_LANGUAGE_STANDARD = "gnu++14";
				CLANG_CXX_LIBRARY = "libc++";
				CLANG_ENABLE_MODULES = YES;
				CLANG_ENABLE_OBJC_ARC = YES;
				CLANG_ENABLE_OBJC_WEAK = YES;
				CLANG_WARN_BLOCK_CAPTURE_AUTORELEASING = YES;
				CLANG_WARN_BOOL_CONVERSION = YES;
				CLANG_WARN_COMMA = YES;
				CLANG_WARN_CONSTANT_CONVERSION = YES;
				CLANG_WARN_DEPRECATED_OBJC_IMPLEMENTATIONS = YES;
				CLANG_WARN_DIRECT_OBJC_ISA_USAGE = YES_ERROR;
				CLANG_WARN_DOCUMENTATION_COMMENTS = YES;
				CLANG_WARN_EMPTY_BODY = YES;
				CLANG_WARN_ENUM_CONVERSION = YES;
				CLANG_WARN_INFINITE_RECURSION = YES;
				CLANG_WARN_INT_CONVERSION = YES;
				CLANG_WARN_NON_LITERAL_NULL_CONVERSION = YES;
				CLANG_WARN_OBJC_IMPLICIT_RETAIN_SELF = YES;
				CLANG_WARN_OBJC_LITERAL_CONVERSION = YES;
				CLANG_WARN_OBJC_ROOT_CLASS = YES_ERROR;
				CLANG_WARN_RANGE_LOOP_ANALYSIS = YES;
				CLANG_WARN_STRICT_PROTOTYPES = YES;
				CLANG_WARN_SUSPICIOUS_MOVE = YES;
				CLANG_WARN_UNGUARDED_AVAILABILITY = YES_AGGRESSIVE;
				CLANG_WARN_UNREACHABLE_CODE = YES;
				CLANG_WARN__DUPLICATE_METHOD_MATCH = YES;
				CODE_SIGN_IDENTITY = "iPhone Developer";
				COPY_PHASE_STRIP = NO;
				DEBUG_INFORMATION_FORMAT = dwarf;
				ENABLE_STRICT_OBJC_MSGSEND = YES;
				ENABLE_TESTABILITY = YES;
				GCC_C_LANGUAGE_STANDARD = gnu11;
				GCC_DYNAMIC_NO_PIC = NO;
				GCC_NO_COMMON_BLOCKS = YES;
				GCC_OPTIMIZATION_LEVEL = 0;
				GCC_PREPROCESSOR_DEFINITIONS = (
					"DEBUG=1",
					"$(inherited)",
				);
				GCC_WARN_64_TO_32_BIT_CONVERSION = YES;
				GCC_WARN_ABOUT_RETURN_TYPE = YES_ERROR;
				GCC_WARN_UNDECLARED_SELECTOR = YES;
				GCC_WARN_UNINITIALIZED_AUTOS = YES_AGGRESSIVE;
				GCC_WARN_UNUSED_FUNCTION = YES;
				GCC_WARN_UNUSED_VARIABLE = YES;
				IPHONEOS_DEPLOYMENT_TARGET = 12.2;
				MTL_ENABLE_DEBUG_INFO = INCLUDE_SOURCE;
				MTL_FAST_MATH = YES;
				ONLY_ACTIVE_ARCH = YES;
				SDKROOT = iphoneos;
				SWIFT_ACTIVE_COMPILATION_CONDITIONS = DEBUG;
				SWIFT_OPTIMIZATION_LEVEL = "-Onone";
			};
			name = Debug;
		};
		699C2A8F2259C6B30088B5F1 /* Release */ = {
			isa = XCBuildConfiguration;
			buildSettings = {
				ALWAYS_SEARCH_USER_PATHS = NO;
				CLANG_ANALYZER_NONNULL = YES;
				CLANG_ANALYZER_NUMBER_OBJECT_CONVERSION = YES_AGGRESSIVE;
				CLANG_CXX_LANGUAGE_STANDARD = "gnu++14";
				CLANG_CXX_LIBRARY = "libc++";
				CLANG_ENABLE_MODULES = YES;
				CLANG_ENABLE_OBJC_ARC = YES;
				CLANG_ENABLE_OBJC_WEAK = YES;
				CLANG_WARN_BLOCK_CAPTURE_AUTORELEASING = YES;
				CLANG_WARN_BOOL_CONVERSION = YES;
				CLANG_WARN_COMMA = YES;
				CLANG_WARN_CONSTANT_CONVERSION = YES;
				CLANG_WARN_DEPRECATED_OBJC_IMPLEMENTATIONS = YES;
				CLANG_WARN_DIRECT_OBJC_ISA_USAGE = YES_ERROR;
				CLANG_WARN_DOCUMENTATION_COMMENTS = YES;
				CLANG_WARN_EMPTY_BODY = YES;
				CLANG_WARN_ENUM_CONVERSION = YES;
				CLANG_WARN_INFINITE_RECURSION = YES;
				CLANG_WARN_INT_CONVERSION = YES;
				CLANG_WARN_NON_LITERAL_NULL_CONVERSION = YES;
				CLANG_WARN_OBJC_IMPLICIT_RETAIN_SELF = YES;
				CLANG_WARN_OBJC_LITERAL_CONVERSION = YES;
				CLANG_WARN_OBJC_ROOT_CLASS = YES_ERROR;
				CLANG_WARN_RANGE_LOOP_ANALYSIS = YES;
				CLANG_WARN_STRICT_PROTOTYPES = YES;
				CLANG_WARN_SUSPICIOUS_MOVE = YES;
				CLANG_WARN_UNGUARDED_AVAILABILITY = YES_AGGRESSIVE;
				CLANG_WARN_UNREACHABLE_CODE = YES;
				CLANG_WARN__DUPLICATE_METHOD_MATCH = YES;
				CODE_SIGN_IDENTITY = "iPhone Developer";
				COPY_PHASE_STRIP = NO;
				DEBUG_INFORMATION_FORMAT = "dwarf-with-dsym";
				ENABLE_NS_ASSERTIONS = NO;
				ENABLE_STRICT_OBJC_MSGSEND = YES;
				GCC_C_LANGUAGE_STANDARD = gnu11;
				GCC_NO_COMMON_BLOCKS = YES;
				GCC_WARN_64_TO_32_BIT_CONVERSION = YES;
				GCC_WARN_ABOUT_RETURN_TYPE = YES_ERROR;
				GCC_WARN_UNDECLARED_SELECTOR = YES;
				GCC_WARN_UNINITIALIZED_AUTOS = YES_AGGRESSIVE;
				GCC_WARN_UNUSED_FUNCTION = YES;
				GCC_WARN_UNUSED_VARIABLE = YES;
				IPHONEOS_DEPLOYMENT_TARGET = 12.2;
				MTL_ENABLE_DEBUG_INFO = NO;
				MTL_FAST_MATH = YES;
				SDKROOT = iphoneos;
				SWIFT_COMPILATION_MODE = wholemodule;
				SWIFT_OPTIMIZATION_LEVEL = "-O";
				VALIDATE_PRODUCT = YES;
			};
			name = Release;
		};
		699C2A912259C6B30088B5F1 /* Debug */ = {
			isa = XCBuildConfiguration;
			buildSettings = {
				ASSETCATALOG_COMPILER_APPICON_NAME = AppIcon;
				CODE_SIGN_STYLE = Automatic;
				DEVELOPMENT_TEAM = 9U3992N3XQ;
				INFOPLIST_FILE = Stratusv2/Info.plist;
				LD_RUNPATH_SEARCH_PATHS = (
					"$(inherited)",
					"@executable_path/Frameworks",
				);
				PRODUCT_BUNDLE_IDENTIFIER = stratus.Stratusv2;
				PRODUCT_NAME = "$(TARGET_NAME)";
				SWIFT_VERSION = 5.0;
				TARGETED_DEVICE_FAMILY = "1,2";
			};
			name = Debug;
		};
		699C2A922259C6B30088B5F1 /* Release */ = {
			isa = XCBuildConfiguration;
			buildSettings = {
				ASSETCATALOG_COMPILER_APPICON_NAME = AppIcon;
				CODE_SIGN_STYLE = Automatic;
				DEVELOPMENT_TEAM = 9U3992N3XQ;
				INFOPLIST_FILE = Stratusv2/Info.plist;
				LD_RUNPATH_SEARCH_PATHS = (
					"$(inherited)",
					"@executable_path/Frameworks",
				);
				PRODUCT_BUNDLE_IDENTIFIER = stratus.Stratusv2;
				PRODUCT_NAME = "$(TARGET_NAME)";
				SWIFT_VERSION = 5.0;
				TARGETED_DEVICE_FAMILY = "1,2";
			};
			name = Release;
		};
/* End XCBuildConfiguration section */

/* Begin XCConfigurationList section */
		699C2A792259C6B20088B5F1 /* Build configuration list for PBXProject "Stratusv2" */ = {
			isa = XCConfigurationList;
			buildConfigurations = (
				699C2A8E2259C6B30088B5F1 /* Debug */,
				699C2A8F2259C6B30088B5F1 /* Release */,
			);
			defaultConfigurationIsVisible = 0;
			defaultConfigurationName = Release;
		};
		699C2A902259C6B30088B5F1 /* Build configuration list for PBXNativeTarget "Stratusv2" */ = {
			isa = XCConfigurationList;
			buildConfigurations = (
				699C2A912259C6B30088B5F1 /* Debug */,
				699C2A922259C6B30088B5F1 /* Release */,
			);
			defaultConfigurationIsVisible = 0;
			defaultConfigurationName = Release;
		};
/* End XCConfigurationList section */
	};
	rootObject = 699C2A762259C6B20088B5F1 /* Project object */;
}
