// !$*UTF8*$!
{
	archiveVersion = 1;
	classes = {
	};
	objectVersion = 50;
	objects = {

/* Begin PBXBuildFile section */
		692A6BAD22DAE9F300F8CBD2 /* AppDelegate.swift in Sources */ = {isa = PBXBuildFile; fileRef = 692A6BAC22DAE9F300F8CBD2 /* AppDelegate.swift */; };
		692A6BAF22DAE9F300F8CBD2 /* ViewController.swift in Sources */ = {isa = PBXBuildFile; fileRef = 692A6BAE22DAE9F300F8CBD2 /* ViewController.swift */; };
		692A6BB222DAE9F300F8CBD2 /* Main.storyboard in Resources */ = {isa = PBXBuildFile; fileRef = 692A6BB022DAE9F300F8CBD2 /* Main.storyboard */; };
		692A6BB422DAE9F400F8CBD2 /* Assets.xcassets in Resources */ = {isa = PBXBuildFile; fileRef = 692A6BB322DAE9F400F8CBD2 /* Assets.xcassets */; };
		692A6BB722DAE9F400F8CBD2 /* LaunchScreen.storyboard in Resources */ = {isa = PBXBuildFile; fileRef = 692A6BB522DAE9F400F8CBD2 /* LaunchScreen.storyboard */; };
/* End PBXBuildFile section */

/* Begin PBXFileReference section */
		692A6BA922DAE9F300F8CBD2 /* AR Measuring.app */ = {isa = PBXFileReference; explicitFileType = wrapper.application; includeInIndex = 0; path = "AR Measuring.app"; sourceTree = BUILT_PRODUCTS_DIR; };
		692A6BAC22DAE9F300F8CBD2 /* AppDelegate.swift */ = {isa = PBXFileReference; lastKnownFileType = sourcecode.swift; path = AppDelegate.swift; sourceTree = "<group>"; };
		692A6BAE22DAE9F300F8CBD2 /* ViewController.swift */ = {isa = PBXFileReference; lastKnownFileType = sourcecode.swift; path = ViewController.swift; sourceTree = "<group>"; };
		692A6BB122DAE9F300F8CBD2 /* Base */ = {isa = PBXFileReference; lastKnownFileType = file.storyboard; name = Base; path = Base.lproj/Main.storyboard; sourceTree = "<group>"; };
		692A6BB322DAE9F400F8CBD2 /* Assets.xcassets */ = {isa = PBXFileReference; lastKnownFileType = folder.assetcatalog; path = Assets.xcassets; sourceTree = "<group>"; };
		692A6BB622DAE9F400F8CBD2 /* Base */ = {isa = PBXFileReference; lastKnownFileType = file.storyboard; name = Base; path = Base.lproj/LaunchScreen.storyboard; sourceTree = "<group>"; };
		692A6BB822DAE9F400F8CBD2 /* Info.plist */ = {isa = PBXFileReference; lastKnownFileType = text.plist.xml; path = Info.plist; sourceTree = "<group>"; };
/* End PBXFileReference section */

/* Begin PBXFrameworksBuildPhase section */
		692A6BA622DAE9F300F8CBD2 /* Frameworks */ = {
			isa = PBXFrameworksBuildPhase;
			buildActionMask = 2147483647;
			files = (
			);
			runOnlyForDeploymentPostprocessing = 0;
		};
/* End PBXFrameworksBuildPhase section */

/* Begin PBXGroup section */
		692A6BA022DAE9F300F8CBD2 = {
			isa = PBXGroup;
			children = (
				692A6BAB22DAE9F300F8CBD2 /* AR Measuring */,
				692A6BAA22DAE9F300F8CBD2 /* Products */,
			);
			sourceTree = "<group>";
		};
		692A6BAA22DAE9F300F8CBD2 /* Products */ = {
			isa = PBXGroup;
			children = (
				692A6BA922DAE9F300F8CBD2 /* AR Measuring.app */,
			);
			name = Products;
			sourceTree = "<group>";
		};
		692A6BAB22DAE9F300F8CBD2 /* AR Measuring */ = {
			isa = PBXGroup;
			children = (
				692A6BAC22DAE9F300F8CBD2 /* AppDelegate.swift */,
				692A6BAE22DAE9F300F8CBD2 /* ViewController.swift */,
				692A6BB022DAE9F300F8CBD2 /* Main.storyboard */,
				692A6BB322DAE9F400F8CBD2 /* Assets.xcassets */,
				692A6BB522DAE9F400F8CBD2 /* LaunchScreen.storyboard */,
				692A6BB822DAE9F400F8CBD2 /* Info.plist */,
			);
			path = "AR Measuring";
			sourceTree = "<group>";
		};
/* End PBXGroup section */

/* Begin PBXNativeTarget section */
		692A6BA822DAE9F300F8CBD2 /* AR Measuring */ = {
			isa = PBXNativeTarget;
			buildConfigurationList = 692A6BBB22DAE9F400F8CBD2 /* Build configuration list for PBXNativeTarget "AR Measuring" */;
			buildPhases = (
				692A6BA522DAE9F300F8CBD2 /* Sources */,
				692A6BA622DAE9F300F8CBD2 /* Frameworks */,
				692A6BA722DAE9F300F8CBD2 /* Resources */,
			);
			buildRules = (
			);
			dependencies = (
			);
			name = "AR Measuring";
			productName = "AR Measuring";
			productReference = 692A6BA922DAE9F300F8CBD2 /* AR Measuring.app */;
			productType = "com.apple.product-type.application";
		};
/* End PBXNativeTarget section */

/* Begin PBXProject section */
		692A6BA122DAE9F300F8CBD2 /* Project object */ = {
			isa = PBXProject;
			attributes = {
				LastSwiftUpdateCheck = 1020;
				LastUpgradeCheck = 1020;
				ORGANIZATIONNAME = "William Cosby";
				TargetAttributes = {
					692A6BA822DAE9F300F8CBD2 = {
						CreatedOnToolsVersion = 10.2.1;
					};
				};
			};
			buildConfigurationList = 692A6BA422DAE9F300F8CBD2 /* Build configuration list for PBXProject "AR Measuring" */;
			compatibilityVersion = "Xcode 9.3";
			developmentRegion = en;
			hasScannedForEncodings = 0;
			knownRegions = (
				en,
				Base,
			);
			mainGroup = 692A6BA022DAE9F300F8CBD2;
			productRefGroup = 692A6BAA22DAE9F300F8CBD2 /* Products */;
			projectDirPath = "";
			projectRoot = "";
			targets = (
				692A6BA822DAE9F300F8CBD2 /* AR Measuring */,
			);
		};
/* End PBXProject section */

/* Begin PBXResourcesBuildPhase section */
		692A6BA722DAE9F300F8CBD2 /* Resources */ = {
			isa = PBXResourcesBuildPhase;
			buildActionMask = 2147483647;
			files = (
				692A6BB722DAE9F400F8CBD2 /* LaunchScreen.storyboard in Resources */,
				692A6BB422DAE9F400F8CBD2 /* Assets.xcassets in Resources */,
				692A6BB222DAE9F300F8CBD2 /* Main.storyboard in Resources */,
			);
			runOnlyForDeploymentPostprocessing = 0;
		};
/* End PBXResourcesBuildPhase section */

/* Begin PBXSourcesBuildPhase section */
		692A6BA522DAE9F300F8CBD2 /* Sources */ = {
			isa = PBXSourcesBuildPhase;
			buildActionMask = 2147483647;
			files = (
				692A6BAF22DAE9F300F8CBD2 /* ViewController.swift in Sources */,
				692A6BAD22DAE9F300F8CBD2 /* AppDelegate.swift in Sources */,
			);
			runOnlyForDeploymentPostprocessing = 0;
		};
/* End PBXSourcesBuildPhase section */

/* Begin PBXVariantGroup section */
		692A6BB022DAE9F300F8CBD2 /* Main.storyboard */ = {
			isa = PBXVariantGroup;
			children = (
				692A6BB122DAE9F300F8CBD2 /* Base */,
			);
			name = Main.storyboard;
			sourceTree = "<group>";
		};
		692A6BB522DAE9F400F8CBD2 /* LaunchScreen.storyboard */ = {
			isa = PBXVariantGroup;
			children = (
				692A6BB622DAE9F400F8CBD2 /* Base */,
			);
			name = LaunchScreen.storyboard;
			sourceTree = "<group>";
		};
/* End PBXVariantGroup section */

/* Begin XCBuildConfiguration section */
		692A6BB922DAE9F400F8CBD2 /* Debug */ = {
			isa = XCBuildConfiguration;
			buildSettings = {
				ALWAYS_SEARCH_USER_PATHS = NO;
				CLANG_ANALYZER_NONNULL = YES;
				CLANG_ANALYZER_NUMBER_OBJECT_CONVERSION = YES_AGGRESSIVE;
				CLANG_CXX_LANGUAGE_STANDARD = "gnu++14";
				CLANG_CXX_LIBRARY = "libc++";
				CLANG_ENABLE_MODULES = YES;
				CLANG_ENABLE_OBJC_ARC = YES;
				CLANG_ENABLE_OBJC_WEAK = YES;
				CLANG_WARN_BLOCK_CAPTURE_AUTORELEASING = YES;
				CLANG_WARN_BOOL_CONVERSION = YES;
				CLANG_WARN_COMMA = YES;
				CLANG_WARN_CONSTANT_CONVERSION = YES;
				CLANG_WARN_DEPRECATED_OBJC_IMPLEMENTATIONS = YES;
				CLANG_WARN_DIRECT_OBJC_ISA_USAGE = YES_ERROR;
				CLANG_WARN_DOCUMENTATION_COMMENTS = YES;
				CLANG_WARN_EMPTY_BODY = YES;
				CLANG_WARN_ENUM_CONVERSION = YES;
				CLANG_WARN_INFINITE_RECURSION = YES;
				CLANG_WARN_INT_CONVERSION = YES;
				CLANG_WARN_NON_LITERAL_NULL_CONVERSION = YES;
				CLANG_WARN_OBJC_IMPLICIT_RETAIN_SELF = YES;
				CLANG_WARN_OBJC_LITERAL_CONVERSION = YES;
				CLANG_WARN_OBJC_ROOT_CLASS = YES_ERROR;
				CLANG_WARN_RANGE_LOOP_ANALYSIS = YES;
				CLANG_WARN_STRICT_PROTOTYPES = YES;
				CLANG_WARN_SUSPICIOUS_MOVE = YES;
				CLANG_WARN_UNGUARDED_AVAILABILITY = YES_AGGRESSIVE;
				CLANG_WARN_UNREACHABLE_CODE = YES;
				CLANG_WARN__DUPLICATE_METHOD_MATCH = YES;
				CODE_SIGN_IDENTITY = "iPhone Developer";
				COPY_PHASE_STRIP = NO;
				DEBUG_INFORMATION_FORMAT = dwarf;
				ENABLE_STRICT_OBJC_MSGSEND = YES;
				ENABLE_TESTABILITY = YES;
				GCC_C_LANGUAGE_STANDARD = gnu11;
				GCC_DYNAMIC_NO_PIC = NO;
				GCC_NO_COMMON_BLOCKS = YES;
				GCC_OPTIMIZATION_LEVEL = 0;
				GCC_PREPROCESSOR_DEFINITIONS = (
					"DEBUG=1",
					"$(inherited)",
				);
				GCC_WARN_64_TO_32_BIT_CONVERSION = YES;
				GCC_WARN_ABOUT_RETURN_TYPE = YES_ERROR;
				GCC_WARN_UNDECLARED_SELECTOR = YES;
				GCC_WARN_UNINITIALIZED_AUTOS = YES_AGGRESSIVE;
				GCC_WARN_UNUSED_FUNCTION = YES;
				GCC_WARN_UNUSED_VARIABLE = YES;
				IPHONEOS_DEPLOYMENT_TARGET = 12.2;
				MTL_ENABLE_DEBUG_INFO = INCLUDE_SOURCE;
				MTL_FAST_MATH = YES;
				ONLY_ACTIVE_ARCH = YES;
				SDKROOT = iphoneos;
				SWIFT_ACTIVE_COMPILATION_CONDITIONS = DEBUG;
				SWIFT_OPTIMIZATION_LEVEL = "-Onone";
			};
			name = Debug;
		};
		692A6BBA22DAE9F400F8CBD2 /* Release */ = {
			isa = XCBuildConfiguration;
			buildSettings = {
				ALWAYS_SEARCH_USER_PATHS = NO;
				CLANG_ANALYZER_NONNULL = YES;
				CLANG_ANALYZER_NUMBER_OBJECT_CONVERSION = YES_AGGRESSIVE;
				CLANG_CXX_LANGUAGE_STANDARD = "gnu++14";
				CLANG_CXX_LIBRARY = "libc++";
				CLANG_ENABLE_MODULES = YES;
				CLANG_ENABLE_OBJC_ARC = YES;
				CLANG_ENABLE_OBJC_WEAK = YES;
				CLANG_WARN_BLOCK_CAPTURE_AUTORELEASING = YES;
				CLANG_WARN_BOOL_CONVERSION = YES;
				CLANG_WARN_COMMA = YES;
				CLANG_WARN_CONSTANT_CONVERSION = YES;
				CLANG_WARN_DEPRECATED_OBJC_IMPLEMENTATIONS = YES;
				CLANG_WARN_DIRECT_OBJC_ISA_USAGE = YES_ERROR;
				CLANG_WARN_DOCUMENTATION_COMMENTS = YES;
				CLANG_WARN_EMPTY_BODY = YES;
				CLANG_WARN_ENUM_CONVERSION = YES;
				CLANG_WARN_INFINITE_RECURSION = YES;
				CLANG_WARN_INT_CONVERSION = YES;
				CLANG_WARN_NON_LITERAL_NULL_CONVERSION = YES;
				CLANG_WARN_OBJC_IMPLICIT_RETAIN_SELF = YES;
				CLANG_WARN_OBJC_LITERAL_CONVERSION = YES;
				CLANG_WARN_OBJC_ROOT_CLASS = YES_ERROR;
				CLANG_WARN_RANGE_LOOP_ANALYSIS = YES;
				CLANG_WARN_STRICT_PROTOTYPES = YES;
				CLANG_WARN_SUSPICIOUS_MOVE = YES;
				CLANG_WARN_UNGUARDED_AVAILABILITY = YES_AGGRESSIVE;
				CLANG_WARN_UNREACHABLE_CODE = YES;
				CLANG_WARN__DUPLICATE_METHOD_MATCH = YES;
				CODE_SIGN_IDENTITY = "iPhone Developer";
				COPY_PHASE_STRIP = NO;
				DEBUG_INFORMATION_FORMAT = "dwarf-with-dsym";
				ENABLE_NS_ASSERTIONS = NO;
				ENABLE_STRICT_OBJC_MSGSEND = YES;
				GCC_C_LANGUAGE_STANDARD = gnu11;
				GCC_NO_COMMON_BLOCKS = YES;
				GCC_WARN_64_TO_32_BIT_CONVERSION = YES;
				GCC_WARN_ABOUT_RETURN_TYPE = YES_ERROR;
				GCC_WARN_UNDECLARED_SELECTOR = YES;
				GCC_WARN_UNINITIALIZED_AUTOS = YES_AGGRESSIVE;
				GCC_WARN_UNUSED_FUNCTION = YES;
				GCC_WARN_UNUSED_VARIABLE = YES;
				IPHONEOS_DEPLOYMENT_TARGET = 12.2;
				MTL_ENABLE_DEBUG_INFO = NO;
				MTL_FAST_MATH = YES;
				SDKROOT = iphoneos;
				SWIFT_COMPILATION_MODE = wholemodule;
				SWIFT_OPTIMIZATION_LEVEL = "-O";
				VALIDATE_PRODUCT = YES;
			};
			name = Release;
		};
		692A6BBC22DAE9F400F8CBD2 /* Debug */ = {
			isa = XCBuildConfiguration;
			buildSettings = {
				ASSETCATALOG_COMPILER_APPICON_NAME = AppIcon;
				CODE_SIGN_STYLE = Automatic;
				DEVELOPMENT_TEAM = 9U3992N3XQ;
				INFOPLIST_FILE = "AR Measuring/Info.plist";
				LD_RUNPATH_SEARCH_PATHS = (
					"$(inherited)",
					"@executable_path/Frameworks",
				);
				PRODUCT_BUNDLE_IDENTIFIER = "stratus.AR-Measuring";
				PRODUCT_NAME = "$(TARGET_NAME)";
				SWIFT_VERSION = 5.0;
				TARGETED_DEVICE_FAMILY = "1,2";
			};
			name = Debug;
		};
		692A6BBD22DAE9F400F8CBD2 /* Release */ = {
			isa = XCBuildConfiguration;
			buildSettings = {
				ASSETCATALOG_COMPILER_APPICON_NAME = AppIcon;
				CODE_SIGN_STYLE = Automatic;
				DEVELOPMENT_TEAM = 9U3992N3XQ;
				INFOPLIST_FILE = "AR Measuring/Info.plist";
				LD_RUNPATH_SEARCH_PATHS = (
					"$(inherited)",
					"@executable_path/Frameworks",
				);
				PRODUCT_BUNDLE_IDENTIFIER = "stratus.AR-Measuring";
				PRODUCT_NAME = "$(TARGET_NAME)";
				SWIFT_VERSION = 5.0;
				TARGETED_DEVICE_FAMILY = "1,2";
			};
			name = Release;
		};
/* End XCBuildConfiguration section */

/* Begin XCConfigurationList section */
		692A6BA422DAE9F300F8CBD2 /* Build configuration list for PBXProject "AR Measuring" */ = {
			isa = XCConfigurationList;
			buildConfigurations = (
				692A6BB922DAE9F400F8CBD2 /* Debug */,
				692A6BBA22DAE9F400F8CBD2 /* Release */,
			);
			defaultConfigurationIsVisible = 0;
			defaultConfigurationName = Release;
		};
		692A6BBB22DAE9F400F8CBD2 /* Build configuration list for PBXNativeTarget "AR Measuring" */ = {
			isa = XCConfigurationList;
			buildConfigurations = (
				692A6BBC22DAE9F400F8CBD2 /* Debug */,
				692A6BBD22DAE9F400F8CBD2 /* Release */,
			);
			defaultConfigurationIsVisible = 0;
			defaultConfigurationName = Release;
		};
/* End XCConfigurationList section */
	};
	rootObject = 692A6BA122DAE9F300F8CBD2 /* Project object */;
}
