// !$*UTF8*$!
{
	archiveVersion = 1;
	classes = {
	};
	objectVersion = 50;
	objects = {

/* Begin PBXBuildFile section */
		69D8093021FD7EA800958CDB /* AppDelegate.swift in Sources */ = {isa = PBXBuildFile; fileRef = 69D8092F21FD7EA800958CDB /* AppDelegate.swift */; };
		69D8093221FD7EA800958CDB /* MapViewController.swift in Sources */ = {isa = PBXBuildFile; fileRef = 69D8093121FD7EA800958CDB /* MapViewController.swift */; };
		69D8093521FD7EA800958CDB /* Main.storyboard in Resources */ = {isa = PBXBuildFile; fileRef = 69D8093321FD7EA800958CDB /* Main.storyboard */; };
		69D8093721FD7EA900958CDB /* Assets.xcassets in Resources */ = {isa = PBXBuildFile; fileRef = 69D8093621FD7EA900958CDB /* Assets.xcassets */; };
		69D8093A21FD7EA900958CDB /* LaunchScreen.storyboard in Resources */ = {isa = PBXBuildFile; fileRef = 69D8093821FD7EA900958CDB /* LaunchScreen.storyboard */; };
		69D8094221FD909000958CDB /* Promotion.swift in Sources */ = {isa = PBXBuildFile; fileRef = 69D8094121FD909000958CDB /* Promotion.swift */; };
/* End PBXBuildFile section */

/* Begin PBXFileReference section */
		69D8092C21FD7EA800958CDB /* Stratus.app */ = {isa = PBXFileReference; explicitFileType = wrapper.application; includeInIndex = 0; path = Stratus.app; sourceTree = BUILT_PRODUCTS_DIR; };
		69D8092F21FD7EA800958CDB /* AppDelegate.swift */ = {isa = PBXFileReference; lastKnownFileType = sourcecode.swift; path = AppDelegate.swift; sourceTree = "<group>"; };
		69D8093121FD7EA800958CDB /* MapViewController.swift */ = {isa = PBXFileReference; lastKnownFileType = sourcecode.swift; path = MapViewController.swift; sourceTree = "<group>"; };
		69D8093421FD7EA800958CDB /* Base */ = {isa = PBXFileReference; lastKnownFileType = file.storyboard; name = Base; path = Base.lproj/Main.storyboard; sourceTree = "<group>"; };
		69D8093621FD7EA900958CDB /* Assets.xcassets */ = {isa = PBXFileReference; lastKnownFileType = folder.assetcatalog; path = Assets.xcassets; sourceTree = "<group>"; };
		69D8093921FD7EA900958CDB /* Base */ = {isa = PBXFileReference; lastKnownFileType = file.storyboard; name = Base; path = Base.lproj/LaunchScreen.storyboard; sourceTree = "<group>"; };
		69D8093B21FD7EA900958CDB /* Info.plist */ = {isa = PBXFileReference; lastKnownFileType = text.plist.xml; path = Info.plist; sourceTree = "<group>"; };
		69D8094121FD909000958CDB /* Promotion.swift */ = {isa = PBXFileReference; lastKnownFileType = sourcecode.swift; path = Promotion.swift; sourceTree = "<group>"; };
/* End PBXFileReference section */

/* Begin PBXFrameworksBuildPhase section */
		69D8092921FD7EA800958CDB /* Frameworks */ = {
			isa = PBXFrameworksBuildPhase;
			buildActionMask = 2147483647;
			files = (
			);
			runOnlyForDeploymentPostprocessing = 0;
		};
/* End PBXFrameworksBuildPhase section */

/* Begin PBXGroup section */
		69D8092321FD7EA800958CDB = {
			isa = PBXGroup;
			children = (
				69D8092E21FD7EA800958CDB /* Stratus */,
				69D8092D21FD7EA800958CDB /* Products */,
			);
			sourceTree = "<group>";
		};
		69D8092D21FD7EA800958CDB /* Products */ = {
			isa = PBXGroup;
			children = (
				69D8092C21FD7EA800958CDB /* Stratus.app */,
			);
			name = Products;
			sourceTree = "<group>";
		};
		69D8092E21FD7EA800958CDB /* Stratus */ = {
			isa = PBXGroup;
			children = (
				69D8092F21FD7EA800958CDB /* AppDelegate.swift */,
				69D8093121FD7EA800958CDB /* MapViewController.swift */,
				69D8093321FD7EA800958CDB /* Main.storyboard */,
				69D8093621FD7EA900958CDB /* Assets.xcassets */,
				69D8093821FD7EA900958CDB /* LaunchScreen.storyboard */,
				69D8093B21FD7EA900958CDB /* Info.plist */,
				69D8094121FD909000958CDB /* Promotion.swift */,
			);
			path = Stratus;
			sourceTree = "<group>";
		};
/* End PBXGroup section */

/* Begin PBXNativeTarget section */
		69D8092B21FD7EA800958CDB /* Stratus */ = {
			isa = PBXNativeTarget;
			buildConfigurationList = 69D8093E21FD7EA900958CDB /* Build configuration list for PBXNativeTarget "Stratus" */;
			buildPhases = (
				69D8092821FD7EA800958CDB /* Sources */,
				69D8092921FD7EA800958CDB /* Frameworks */,
				69D8092A21FD7EA800958CDB /* Resources */,
			);
			buildRules = (
			);
			dependencies = (
			);
			name = Stratus;
			productName = Stratus;
			productReference = 69D8092C21FD7EA800958CDB /* Stratus.app */;
			productType = "com.apple.product-type.application";
		};
/* End PBXNativeTarget section */

/* Begin PBXProject section */
		69D8092421FD7EA800958CDB /* Project object */ = {
			isa = PBXProject;
			attributes = {
				LastSwiftUpdateCheck = 1010;
				LastUpgradeCheck = 1010;
				ORGANIZATIONNAME = "William Cosby";
				TargetAttributes = {
					69D8092B21FD7EA800958CDB = {
						CreatedOnToolsVersion = 10.1;
					};
				};
			};
			buildConfigurationList = 69D8092721FD7EA800958CDB /* Build configuration list for PBXProject "Stratus" */;
			compatibilityVersion = "Xcode 9.3";
			developmentRegion = en;
			hasScannedForEncodings = 0;
			knownRegions = (
				en,
				Base,
			);
			mainGroup = 69D8092321FD7EA800958CDB;
			productRefGroup = 69D8092D21FD7EA800958CDB /* Products */;
			projectDirPath = "";
			projectRoot = "";
			targets = (
				69D8092B21FD7EA800958CDB /* Stratus */,
			);
		};
/* End PBXProject section */

/* Begin PBXResourcesBuildPhase section */
		69D8092A21FD7EA800958CDB /* Resources */ = {
			isa = PBXResourcesBuildPhase;
			buildActionMask = 2147483647;
			files = (
				69D8093A21FD7EA900958CDB /* LaunchScreen.storyboard in Resources */,
				69D8093721FD7EA900958CDB /* Assets.xcassets in Resources */,
				69D8093521FD7EA800958CDB /* Main.storyboard in Resources */,
			);
			runOnlyForDeploymentPostprocessing = 0;
		};
/* End PBXResourcesBuildPhase section */

/* Begin PBXSourcesBuildPhase section */
		69D8092821FD7EA800958CDB /* Sources */ = {
			isa = PBXSourcesBuildPhase;
			buildActionMask = 2147483647;
			files = (
				69D8093221FD7EA800958CDB /* MapViewController.swift in Sources */,
				69D8093021FD7EA800958CDB /* AppDelegate.swift in Sources */,
				69D8094221FD909000958CDB /* Promotion.swift in Sources */,
			);
			runOnlyForDeploymentPostprocessing = 0;
		};
/* End PBXSourcesBuildPhase section */

/* Begin PBXVariantGroup section */
		69D8093321FD7EA800958CDB /* Main.storyboard */ = {
			isa = PBXVariantGroup;
			children = (
				69D8093421FD7EA800958CDB /* Base */,
			);
			name = Main.storyboard;
			sourceTree = "<group>";
		};
		69D8093821FD7EA900958CDB /* LaunchScreen.storyboard */ = {
			isa = PBXVariantGroup;
			children = (
				69D8093921FD7EA900958CDB /* Base */,
			);
			name = LaunchScreen.storyboard;
			sourceTree = "<group>";
		};
/* End PBXVariantGroup section */

/* Begin XCBuildConfiguration section */
		69D8093C21FD7EA900958CDB /* Debug */ = {
			isa = XCBuildConfiguration;
			buildSettings = {
				ALWAYS_SEARCH_USER_PATHS = NO;
				CLANG_ANALYZER_NONNULL = YES;
				CLANG_ANALYZER_NUMBER_OBJECT_CONVERSION = YES_AGGRESSIVE;
				CLANG_CXX_LANGUAGE_STANDARD = "gnu++14";
				CLANG_CXX_LIBRARY = "libc++";
				CLANG_ENABLE_MODULES = YES;
				CLANG_ENABLE_OBJC_ARC = YES;
				CLANG_ENABLE_OBJC_WEAK = YES;
				CLANG_WARN_BLOCK_CAPTURE_AUTORELEASING = YES;
				CLANG_WARN_BOOL_CONVERSION = YES;
				CLANG_WARN_COMMA = YES;
				CLANG_WARN_CONSTANT_CONVERSION = YES;
				CLANG_WARN_DEPRECATED_OBJC_IMPLEMENTATIONS = YES;
				CLANG_WARN_DIRECT_OBJC_ISA_USAGE = YES_ERROR;
				CLANG_WARN_DOCUMENTATION_COMMENTS = YES;
				CLANG_WARN_EMPTY_BODY = YES;
				CLANG_WARN_ENUM_CONVERSION = YES;
				CLANG_WARN_INFINITE_RECURSION = YES;
				CLANG_WARN_INT_CONVERSION = YES;
				CLANG_WARN_NON_LITERAL_NULL_CONVERSION = YES;
				CLANG_WARN_OBJC_IMPLICIT_RETAIN_SELF = YES;
				CLANG_WARN_OBJC_LITERAL_CONVERSION = YES;
				CLANG_WARN_OBJC_ROOT_CLASS = YES_ERROR;
				CLANG_WARN_RANGE_LOOP_ANALYSIS = YES;
				CLANG_WARN_STRICT_PROTOTYPES = YES;
				CLANG_WARN_SUSPICIOUS_MOVE = YES;
				CLANG_WARN_UNGUARDED_AVAILABILITY = YES_AGGRESSIVE;
				CLANG_WARN_UNREACHABLE_CODE = YES;
				CLANG_WARN__DUPLICATE_METHOD_MATCH = YES;
				CODE_SIGN_IDENTITY = "iPhone Developer";
				COPY_PHASE_STRIP = NO;
				DEBUG_INFORMATION_FORMAT = dwarf;
				ENABLE_STRICT_OBJC_MSGSEND = YES;
				ENABLE_TESTABILITY = YES;
				GCC_C_LANGUAGE_STANDARD = gnu11;
				GCC_DYNAMIC_NO_PIC = NO;
				GCC_NO_COMMON_BLOCKS = YES;
				GCC_OPTIMIZATION_LEVEL = 0;
				GCC_PREPROCESSOR_DEFINITIONS = (
					"DEBUG=1",
					"$(inherited)",
				);
				GCC_WARN_64_TO_32_BIT_CONVERSION = YES;
				GCC_WARN_ABOUT_RETURN_TYPE = YES_ERROR;
				GCC_WARN_UNDECLARED_SELECTOR = YES;
				GCC_WARN_UNINITIALIZED_AUTOS = YES_AGGRESSIVE;
				GCC_WARN_UNUSED_FUNCTION = YES;
				GCC_WARN_UNUSED_VARIABLE = YES;
				IPHONEOS_DEPLOYMENT_TARGET = 12.1;
				MTL_ENABLE_DEBUG_INFO = INCLUDE_SOURCE;
				MTL_FAST_MATH = YES;
				ONLY_ACTIVE_ARCH = YES;
				SDKROOT = iphoneos;
				SWIFT_ACTIVE_COMPILATION_CONDITIONS = DEBUG;
				SWIFT_OPTIMIZATION_LEVEL = "-Onone";
			};
			name = Debug;
		};
		69D8093D21FD7EA900958CDB /* Release */ = {
			isa = XCBuildConfiguration;
			buildSettings = {
				ALWAYS_SEARCH_USER_PATHS = NO;
				CLANG_ANALYZER_NONNULL = YES;
				CLANG_ANALYZER_NUMBER_OBJECT_CONVERSION = YES_AGGRESSIVE;
				CLANG_CXX_LANGUAGE_STANDARD = "gnu++14";
				CLANG_CXX_LIBRARY = "libc++";
				CLANG_ENABLE_MODULES = YES;
				CLANG_ENABLE_OBJC_ARC = YES;
				CLANG_ENABLE_OBJC_WEAK = YES;
				CLANG_WARN_BLOCK_CAPTURE_AUTORELEASING = YES;
				CLANG_WARN_BOOL_CONVERSION = YES;
				CLANG_WARN_COMMA = YES;
				CLANG_WARN_CONSTANT_CONVERSION = YES;
				CLANG_WARN_DEPRECATED_OBJC_IMPLEMENTATIONS = YES;
				CLANG_WARN_DIRECT_OBJC_ISA_USAGE = YES_ERROR;
				CLANG_WARN_DOCUMENTATION_COMMENTS = YES;
				CLANG_WARN_EMPTY_BODY = YES;
				CLANG_WARN_ENUM_CONVERSION = YES;
				CLANG_WARN_INFINITE_RECURSION = YES;
				CLANG_WARN_INT_CONVERSION = YES;
				CLANG_WARN_NON_LITERAL_NULL_CONVERSION = YES;
				CLANG_WARN_OBJC_IMPLICIT_RETAIN_SELF = YES;
				CLANG_WARN_OBJC_LITERAL_CONVERSION = YES;
				CLANG_WARN_OBJC_ROOT_CLASS = YES_ERROR;
				CLANG_WARN_RANGE_LOOP_ANALYSIS = YES;
				CLANG_WARN_STRICT_PROTOTYPES = YES;
				CLANG_WARN_SUSPICIOUS_MOVE = YES;
				CLANG_WARN_UNGUARDED_AVAILABILITY = YES_AGGRESSIVE;
				CLANG_WARN_UNREACHABLE_CODE = YES;
				CLANG_WARN__DUPLICATE_METHOD_MATCH = YES;
				CODE_SIGN_IDENTITY = "iPhone Developer";
				COPY_PHASE_STRIP = NO;
				DEBUG_INFORMATION_FORMAT = "dwarf-with-dsym";
				ENABLE_NS_ASSERTIONS = NO;
				ENABLE_STRICT_OBJC_MSGSEND = YES;
				GCC_C_LANGUAGE_STANDARD = gnu11;
				GCC_NO_COMMON_BLOCKS = YES;
				GCC_WARN_64_TO_32_BIT_CONVERSION = YES;
				GCC_WARN_ABOUT_RETURN_TYPE = YES_ERROR;
				GCC_WARN_UNDECLARED_SELECTOR = YES;
				GCC_WARN_UNINITIALIZED_AUTOS = YES_AGGRESSIVE;
				GCC_WARN_UNUSED_FUNCTION = YES;
				GCC_WARN_UNUSED_VARIABLE = YES;
				IPHONEOS_DEPLOYMENT_TARGET = 12.1;
				MTL_ENABLE_DEBUG_INFO = NO;
				MTL_FAST_MATH = YES;
				SDKROOT = iphoneos;
				SWIFT_COMPILATION_MODE = wholemodule;
				SWIFT_OPTIMIZATION_LEVEL = "-O";
				VALIDATE_PRODUCT = YES;
			};
			name = Release;
		};
		69D8093F21FD7EA900958CDB /* Debug */ = {
			isa = XCBuildConfiguration;
			buildSettings = {
				ASSETCATALOG_COMPILER_APPICON_NAME = AppIcon;
				CODE_SIGN_STYLE = Automatic;
				DEVELOPMENT_TEAM = 9U3992N3XQ;
				INFOPLIST_FILE = Stratus/Info.plist;
				LD_RUNPATH_SEARCH_PATHS = (
					"$(inherited)",
					"@executable_path/Frameworks",
				);
				PRODUCT_BUNDLE_IDENTIFIER = com.stratus.Stratus;
				PRODUCT_NAME = "$(TARGET_NAME)";
				SWIFT_VERSION = 4.2;
				TARGETED_DEVICE_FAMILY = "1,2";
			};
			name = Debug;
		};
		69D8094021FD7EA900958CDB /* Release */ = {
			isa = XCBuildConfiguration;
			buildSettings = {
				ASSETCATALOG_COMPILER_APPICON_NAME = AppIcon;
				CODE_SIGN_STYLE = Automatic;
				DEVELOPMENT_TEAM = 9U3992N3XQ;
				INFOPLIST_FILE = Stratus/Info.plist;
				LD_RUNPATH_SEARCH_PATHS = (
					"$(inherited)",
					"@executable_path/Frameworks",
				);
				PRODUCT_BUNDLE_IDENTIFIER = com.stratus.Stratus;
				PRODUCT_NAME = "$(TARGET_NAME)";
				SWIFT_VERSION = 4.2;
				TARGETED_DEVICE_FAMILY = "1,2";
			};
			name = Release;
		};
/* End XCBuildConfiguration section */

/* Begin XCConfigurationList section */
		69D8092721FD7EA800958CDB /* Build configuration list for PBXProject "Stratus" */ = {
			isa = XCConfigurationList;
			buildConfigurations = (
				69D8093C21FD7EA900958CDB /* Debug */,
				69D8093D21FD7EA900958CDB /* Release */,
			);
			defaultConfigurationIsVisible = 0;
			defaultConfigurationName = Release;
		};
		69D8093E21FD7EA900958CDB /* Build configuration list for PBXNativeTarget "Stratus" */ = {
			isa = XCConfigurationList;
			buildConfigurations = (
				69D8093F21FD7EA900958CDB /* Debug */,
				69D8094021FD7EA900958CDB /* Release */,
			);
			defaultConfigurationIsVisible = 0;
			defaultConfigurationName = Release;
		};
/* End XCConfigurationList section */
	};
	rootObject = 69D8092421FD7EA800958CDB /* Project object */;
}
